
Microsoft Visual Studio Solution File, Format Version 12.00
# Visual Studio Version 16
VisualStudioVersion = 16.0.32510.428
MinimumVisualStudioVersion = 10.0.40219.1
Project("{FAE04EC0-301F-11D3-BF4B-00C04F79EFBC}") = "TrafficFine", "TrafficFine\TrafficFine.csproj", "{205562E5-B257-4431-98F2-141F52AA79CF}"
EndProject
Global
	GlobalSection(SolutionConfigurationPlatforms) = preSolution
		Debug|Any CPU = Debug|Any CPU
		Release|Any CPU = Release|Any CPU
	EndGlobalSection
	GlobalSection(ProjectConfigurationPlatforms) = postSolution
		{205562E5-B257-4431-98F2-141F52AA79CF}.Debug|Any CPU.ActiveCfg = Debug|Any CPU
		{205562E5-B257-4431-98F2-141F52AA79CF}.Debug|Any CPU.Build.0 = Debug|Any CPU
		{205562E5-B257-4431-98F2-141F52AA79CF}.Release|Any CPU.ActiveCfg = Release|Any CPU
		{205562E5-B257-4431-98F2-141F52AA79CF}.Release|Any CPU.Build.0 = Release|Any CPU
	EndGlobalSection
	GlobalSection(SolutionProperties) = preSolution
		HideSolutionNode = FALSE
	EndGlobalSection
	GlobalSection(ExtensibilityGlobals) = postSolution
		SolutionGuid = {9907BCA1-0594-4595-88A8-5300BE418639}
	EndGlobalSection
EndGlobal
